// !$*UTF8*$!
{
	archiveVersion = 1;
	classes = {
	};
	objectVersion = 50;
	objects = {

/* Begin PBXBuildFile section */
		16332B462264F8E600805D51 /* AppDelegate.swift in Sources */ = {isa = PBXBuildFile; fileRef = 16332B452264F8E600805D51 /* AppDelegate.swift */; };
		16332B482264F8E600805D51 /* ViewController.swift in Sources */ = {isa = PBXBuildFile; fileRef = 16332B472264F8E600805D51 /* ViewController.swift */; };
		16332B4B2264F8E600805D51 /* Main.storyboard in Resources */ = {isa = PBXBuildFile; fileRef = 16332B492264F8E600805D51 /* Main.storyboard */; };
		16332B4D2264F8E900805D51 /* Assets.xcassets in Resources */ = {isa = PBXBuildFile; fileRef = 16332B4C2264F8E900805D51 /* Assets.xcassets */; };
		16332B502264F8E900805D51 /* LaunchScreen.storyboard in Resources */ = {isa = PBXBuildFile; fileRef = 16332B4E2264F8E900805D51 /* LaunchScreen.storyboard */; };
		16332B5B2264F8E900805D51 /* PantryApp2Tests.swift in Sources */ = {isa = PBXBuildFile; fileRef = 16332B5A2264F8E900805D51 /* PantryApp2Tests.swift */; };
		16332B662264F8E900805D51 /* PantryApp2UITests.swift in Sources */ = {isa = PBXBuildFile; fileRef = 16332B652264F8E900805D51 /* PantryApp2UITests.swift */; };
		16332B742264FE8300805D51 /* PantryViewController.swift in Sources */ = {isa = PBXBuildFile; fileRef = 16332B732264FE8300805D51 /* PantryViewController.swift */; };
		16332B762264FE9F00805D51 /* FridgeViewController.swift in Sources */ = {isa = PBXBuildFile; fileRef = 16332B752264FE9F00805D51 /* FridgeViewController.swift */; };
		16332B782264FEB800805D51 /* FreezerViewController.swift in Sources */ = {isa = PBXBuildFile; fileRef = 16332B772264FEB800805D51 /* FreezerViewController.swift */; };
		16FF2E7622658053007384F2 /* PantryTwoViewController.swift in Sources */ = {isa = PBXBuildFile; fileRef = 16FF2E7522658053007384F2 /* PantryTwoViewController.swift */; };
		16FF2E7822658078007384F2 /* FridgeTwoViewController.swift in Sources */ = {isa = PBXBuildFile; fileRef = 16FF2E7722658078007384F2 /* FridgeTwoViewController.swift */; };
		16FF2E7A2265808F007384F2 /* FreezerTwoViewController.swift in Sources */ = {isa = PBXBuildFile; fileRef = 16FF2E792265808F007384F2 /* FreezerTwoViewController.swift */; };
/* End PBXBuildFile section */

/* Begin PBXContainerItemProxy section */
		16332B572264F8E900805D51 /* PBXContainerItemProxy */ = {
			isa = PBXContainerItemProxy;
			containerPortal = 16332B3A2264F8E600805D51 /* Project object */;
			proxyType = 1;
			remoteGlobalIDString = 16332B412264F8E600805D51;
			remoteInfo = PantryApp2;
		};
		16332B622264F8E900805D51 /* PBXContainerItemProxy */ = {
			isa = PBXContainerItemProxy;
			containerPortal = 16332B3A2264F8E600805D51 /* Project object */;
			proxyType = 1;
			remoteGlobalIDString = 16332B412264F8E600805D51;
			remoteInfo = PantryApp2;
		};
/* End PBXContainerItemProxy section */

/* Begin PBXFileReference section */
		16332B422264F8E600805D51 /* PantryApp2.app */ = {isa = PBXFileReference; explicitFileType = wrapper.application; includeInIndex = 0; path = PantryApp2.app; sourceTree = BUILT_PRODUCTS_DIR; };
		16332B452264F8E600805D51 /* AppDelegate.swift */ = {isa = PBXFileReference; lastKnownFileType = sourcecode.swift; path = AppDelegate.swift; sourceTree = "<group>"; };
		16332B472264F8E600805D51 /* ViewController.swift */ = {isa = PBXFileReference; lastKnownFileType = sourcecode.swift; path = ViewController.swift; sourceTree = "<group>"; };
		16332B4A2264F8E600805D51 /* Base */ = {isa = PBXFileReference; lastKnownFileType = file.storyboard; name = Base; path = Base.lproj/Main.storyboard; sourceTree = "<group>"; };
		16332B4C2264F8E900805D51 /* Assets.xcassets */ = {isa = PBXFileReference; lastKnownFileType = folder.assetcatalog; path = Assets.xcassets; sourceTree = "<group>"; };
		16332B4F2264F8E900805D51 /* Base */ = {isa = PBXFileReference; lastKnownFileType = file.storyboard; name = Base; path = Base.lproj/LaunchScreen.storyboard; sourceTree = "<group>"; };
		16332B512264F8E900805D51 /* Info.plist */ = {isa = PBXFileReference; lastKnownFileType = text.plist.xml; path = Info.plist; sourceTree = "<group>"; };
		16332B562264F8E900805D51 /* PantryApp2Tests.xctest */ = {isa = PBXFileReference; explicitFileType = wrapper.cfbundle; includeInIndex = 0; path = PantryApp2Tests.xctest; sourceTree = BUILT_PRODUCTS_DIR; };
		16332B5A2264F8E900805D51 /* PantryApp2Tests.swift */ = {isa = PBXFileReference; lastKnownFileType = sourcecode.swift; path = PantryApp2Tests.swift; sourceTree = "<group>"; };
		16332B5C2264F8E900805D51 /* Info.plist */ = {isa = PBXFileReference; lastKnownFileType = text.plist.xml; path = Info.plist; sourceTree = "<group>"; };
		16332B612264F8E900805D51 /* PantryApp2UITests.xctest */ = {isa = PBXFileReference; explicitFileType = wrapper.cfbundle; includeInIndex = 0; path = PantryApp2UITests.xctest; sourceTree = BUILT_PRODUCTS_DIR; };
		16332B652264F8E900805D51 /* PantryApp2UITests.swift */ = {isa = PBXFileReference; lastKnownFileType = sourcecode.swift; path = PantryApp2UITests.swift; sourceTree = "<group>"; };
		16332B672264F8E900805D51 /* Info.plist */ = {isa = PBXFileReference; lastKnownFileType = text.plist.xml; path = Info.plist; sourceTree = "<group>"; };
		16332B732264FE8300805D51 /* PantryViewController.swift */ = {isa = PBXFileReference; lastKnownFileType = sourcecode.swift; path = PantryViewController.swift; sourceTree = "<group>"; };
		16332B752264FE9F00805D51 /* FridgeViewController.swift */ = {isa = PBXFileReference; lastKnownFileType = sourcecode.swift; path = FridgeViewController.swift; sourceTree = "<group>"; };
		16332B772264FEB800805D51 /* FreezerViewController.swift */ = {isa = PBXFileReference; lastKnownFileType = sourcecode.swift; path = FreezerViewController.swift; sourceTree = "<group>"; };
		16FF2E7522658053007384F2 /* PantryTwoViewController.swift */ = {isa = PBXFileReference; lastKnownFileType = sourcecode.swift; path = PantryTwoViewController.swift; sourceTree = "<group>"; };
		16FF2E7722658078007384F2 /* FridgeTwoViewController.swift */ = {isa = PBXFileReference; lastKnownFileType = sourcecode.swift; path = FridgeTwoViewController.swift; sourceTree = "<group>"; };
		16FF2E792265808F007384F2 /* FreezerTwoViewController.swift */ = {isa = PBXFileReference; lastKnownFileType = sourcecode.swift; path = FreezerTwoViewController.swift; sourceTree = "<group>"; };
/* End PBXFileReference section */

/* Begin PBXFrameworksBuildPhase section */
		16332B3F2264F8E600805D51 /* Frameworks */ = {
			isa = PBXFrameworksBuildPhase;
			buildActionMask = 2147483647;
			files = (
			);
			runOnlyForDeploymentPostprocessing = 0;
		};
		16332B532264F8E900805D51 /* Frameworks */ = {
			isa = PBXFrameworksBuildPhase;
			buildActionMask = 2147483647;
			files = (
			);
			runOnlyForDeploymentPostprocessing = 0;
		};
		16332B5E2264F8E900805D51 /* Frameworks */ = {
			isa = PBXFrameworksBuildPhase;
			buildActionMask = 2147483647;
			files = (
			);
			runOnlyForDeploymentPostprocessing = 0;
		};
/* End PBXFrameworksBuildPhase section */

/* Begin PBXGroup section */
		16332B392264F8E600805D51 = {
			isa = PBXGroup;
			children = (
				16332B442264F8E600805D51 /* PantryApp2 */,
				16332B592264F8E900805D51 /* PantryApp2Tests */,
				16332B642264F8E900805D51 /* PantryApp2UITests */,
				16332B432264F8E600805D51 /* Products */,
			);
			sourceTree = "<group>";
		};
		16332B432264F8E600805D51 /* Products */ = {
			isa = PBXGroup;
			children = (
				16332B422264F8E600805D51 /* PantryApp2.app */,
				16332B562264F8E900805D51 /* PantryApp2Tests.xctest */,
				16332B612264F8E900805D51 /* PantryApp2UITests.xctest */,
			);
			name = Products;
			sourceTree = "<group>";
		};
		16332B442264F8E600805D51 /* PantryApp2 */ = {
			isa = PBXGroup;
			children = (
				16332B452264F8E600805D51 /* AppDelegate.swift */,
				16332B472264F8E600805D51 /* ViewController.swift */,
				16332B492264F8E600805D51 /* Main.storyboard */,
				16FF2E7522658053007384F2 /* PantryTwoViewController.swift */,
				16FF2E7722658078007384F2 /* FridgeTwoViewController.swift */,
				16FF2E792265808F007384F2 /* FreezerTwoViewController.swift */,
				16332B772264FEB800805D51 /* FreezerViewController.swift */,
				16332B752264FE9F00805D51 /* FridgeViewController.swift */,
				16332B732264FE8300805D51 /* PantryViewController.swift */,
				16332B4C2264F8E900805D51 /* Assets.xcassets */,
				16332B4E2264F8E900805D51 /* LaunchScreen.storyboard */,
				16332B512264F8E900805D51 /* Info.plist */,
			);
			path = PantryApp2;
			sourceTree = "<group>";
		};
		16332B592264F8E900805D51 /* PantryApp2Tests */ = {
			isa = PBXGroup;
			children = (
				16332B5A2264F8E900805D51 /* PantryApp2Tests.swift */,
				16332B5C2264F8E900805D51 /* Info.plist */,
			);
			path = PantryApp2Tests;
			sourceTree = "<group>";
		};
		16332B642264F8E900805D51 /* PantryApp2UITests */ = {
			isa = PBXGroup;
			children = (
				16332B652264F8E900805D51 /* PantryApp2UITests.swift */,
				16332B672264F8E900805D51 /* Info.plist */,
			);
			path = PantryApp2UITests;
			sourceTree = "<group>";
		};
/* End PBXGroup section */

/* Begin PBXNativeTarget section */
		16332B412264F8E600805D51 /* PantryApp2 */ = {
			isa = PBXNativeTarget;
			buildConfigurationList = 16332B6A2264F8E900805D51 /* Build configuration list for PBXNativeTarget "PantryApp2" */;
			buildPhases = (
				16332B3E2264F8E600805D51 /* Sources */,
				16332B3F2264F8E600805D51 /* Frameworks */,
				16332B402264F8E600805D51 /* Resources */,
			);
			buildRules = (
			);
			dependencies = (
			);
			name = PantryApp2;
			productName = PantryApp2;
			productReference = 16332B422264F8E600805D51 /* PantryApp2.app */;
			productType = "com.apple.product-type.application";
		};
		16332B552264F8E900805D51 /* PantryApp2Tests */ = {
			isa = PBXNativeTarget;
			buildConfigurationList = 16332B6D2264F8E900805D51 /* Build configuration list for PBXNativeTarget "PantryApp2Tests" */;
			buildPhases = (
				16332B522264F8E900805D51 /* Sources */,
				16332B532264F8E900805D51 /* Frameworks */,
				16332B542264F8E900805D51 /* Resources */,
			);
			buildRules = (
			);
			dependencies = (
				16332B582264F8E900805D51 /* PBXTargetDependency */,
			);
			name = PantryApp2Tests;
			productName = PantryApp2Tests;
			productReference = 16332B562264F8E900805D51 /* PantryApp2Tests.xctest */;
			productType = "com.apple.product-type.bundle.unit-test";
		};
		16332B602264F8E900805D51 /* PantryApp2UITests */ = {
			isa = PBXNativeTarget;
			buildConfigurationList = 16332B702264F8E900805D51 /* Build configuration list for PBXNativeTarget "PantryApp2UITests" */;
			buildPhases = (
				16332B5D2264F8E900805D51 /* Sources */,
				16332B5E2264F8E900805D51 /* Frameworks */,
				16332B5F2264F8E900805D51 /* Resources */,
			);
			buildRules = (
			);
			dependencies = (
				16332B632264F8E900805D51 /* PBXTargetDependency */,
			);
			name = PantryApp2UITests;
			productName = PantryApp2UITests;
			productReference = 16332B612264F8E900805D51 /* PantryApp2UITests.xctest */;
			productType = "com.apple.product-type.bundle.ui-testing";
		};
/* End PBXNativeTarget section */

/* Begin PBXProject section */
		16332B3A2264F8E600805D51 /* Project object */ = {
			isa = PBXProject;
			attributes = {
				LastSwiftUpdateCheck = 1010;
				LastUpgradeCheck = 1010;
				ORGANIZATIONNAME = "Courtney Castillo";
				TargetAttributes = {
					16332B412264F8E600805D51 = {
						CreatedOnToolsVersion = 10.1;
					};
					16332B552264F8E900805D51 = {
						CreatedOnToolsVersion = 10.1;
						TestTargetID = 16332B412264F8E600805D51;
					};
					16332B602264F8E900805D51 = {
						CreatedOnToolsVersion = 10.1;
						TestTargetID = 16332B412264F8E600805D51;
					};
				};
			};
			buildConfigurationList = 16332B3D2264F8E600805D51 /* Build configuration list for PBXProject "PantryApp2" */;
			compatibilityVersion = "Xcode 9.3";
			developmentRegion = en;
			hasScannedForEncodings = 0;
			knownRegions = (
				en,
				Base,
			);
			mainGroup = 16332B392264F8E600805D51;
			productRefGroup = 16332B432264F8E600805D51 /* Products */;
			projectDirPath = "";
			projectRoot = "";
			targets = (
				16332B412264F8E600805D51 /* PantryApp2 */,
				16332B552264F8E900805D51 /* PantryApp2Tests */,
				16332B602264F8E900805D51 /* PantryApp2UITests */,
			);
		};
/* End PBXProject section */

/* Begin PBXResourcesBuildPhase section */
		16332B402264F8E600805D51 /* Resources */ = {
			isa = PBXResourcesBuildPhase;
			buildActionMask = 2147483647;
			files = (
				16332B502264F8E900805D51 /* LaunchScreen.storyboard in Resources */,
				16332B4D2264F8E900805D51 /* Assets.xcassets in Resources */,
				16332B4B2264F8E600805D51 /* Main.storyboard in Resources */,
			);
			runOnlyForDeploymentPostprocessing = 0;
		};
		16332B542264F8E900805D51 /* Resources */ = {
			isa = PBXResourcesBuildPhase;
			buildActionMask = 2147483647;
			files = (
			);
			runOnlyForDeploymentPostprocessing = 0;
		};
		16332B5F2264F8E900805D51 /* Resources */ = {
			isa = PBXResourcesBuildPhase;
			buildActionMask = 2147483647;
			files = (
			);
			runOnlyForDeploymentPostprocessing = 0;
		};
/* End PBXResourcesBuildPhase section */

/* Begin PBXSourcesBuildPhase section */
		16332B3E2264F8E600805D51 /* Sources */ = {
			isa = PBXSourcesBuildPhase;
			buildActionMask = 2147483647;
			files = (
				16332B742264FE8300805D51 /* PantryViewController.swift in Sources */,
				16332B762264FE9F00805D51 /* FridgeViewController.swift in Sources */,
				16332B782264FEB800805D51 /* FreezerViewController.swift in Sources */,
				16FF2E7622658053007384F2 /* PantryTwoViewController.swift in Sources */,
				16FF2E7822658078007384F2 /* FridgeTwoViewController.swift in Sources */,
				16FF2E7A2265808F007384F2 /* FreezerTwoViewController.swift in Sources */,
				16332B482264F8E600805D51 /* ViewController.swift in Sources */,
				16332B462264F8E600805D51 /* AppDelegate.swift in Sources */,
			);
			runOnlyForDeploymentPostprocessing = 0;
		};
		16332B522264F8E900805D51 /* Sources */ = {
			isa = PBXSourcesBuildPhase;
			buildActionMask = 2147483647;
			files = (
				16332B5B2264F8E900805D51 /* PantryApp2Tests.swift in Sources */,
			);
			runOnlyForDeploymentPostprocessing = 0;
		};
		16332B5D2264F8E900805D51 /* Sources */ = {
			isa = PBXSourcesBuildPhase;
			buildActionMask = 2147483647;
			files = (
				16332B662264F8E900805D51 /* PantryApp2UITests.swift in Sources */,
			);
			runOnlyForDeploymentPostprocessing = 0;
		};
/* End PBXSourcesBuildPhase section */

/* Begin PBXTargetDependency section */
		16332B582264F8E900805D51 /* PBXTargetDependency */ = {
			isa = PBXTargetDependency;
			target = 16332B412264F8E600805D51 /* PantryApp2 */;
			targetProxy = 16332B572264F8E900805D51 /* PBXContainerItemProxy */;
		};
		16332B632264F8E900805D51 /* PBXTargetDependency */ = {
			isa = PBXTargetDependency;
			target = 16332B412264F8E600805D51 /* PantryApp2 */;
			targetProxy = 16332B622264F8E900805D51 /* PBXContainerItemProxy */;
		};
/* End PBXTargetDependency section */

/* Begin PBXVariantGroup section */
		16332B492264F8E600805D51 /* Main.storyboard */ = {
			isa = PBXVariantGroup;
			children = (
				16332B4A2264F8E600805D51 /* Base */,
			);
			name = Main.storyboard;
			sourceTree = "<group>";
		};
		16332B4E2264F8E900805D51 /* LaunchScreen.storyboard */ = {
			isa = PBXVariantGroup;
			children = (
				16332B4F2264F8E900805D51 /* Base */,
			);
			name = LaunchScreen.storyboard;
			sourceTree = "<group>";
		};
/* End PBXVariantGroup section */

/* Begin XCBuildConfiguration section */
		16332B682264F8E900805D51 /* Debug */ = {
			isa = XCBuildConfiguration;
			buildSettings = {
				ALWAYS_SEARCH_USER_PATHS = NO;
				CLANG_ANALYZER_NONNULL = YES;
				CLANG_ANALYZER_NUMBER_OBJECT_CONVERSION = YES_AGGRESSIVE;
				CLANG_CXX_LANGUAGE_STANDARD = "gnu++14";
				CLANG_CXX_LIBRARY = "libc++";
				CLANG_ENABLE_MODULES = YES;
				CLANG_ENABLE_OBJC_ARC = YES;
				CLANG_ENABLE_OBJC_WEAK = YES;
				CLANG_WARN_BLOCK_CAPTURE_AUTORELEASING = YES;
				CLANG_WARN_BOOL_CONVERSION = YES;
				CLANG_WARN_COMMA = YES;
				CLANG_WARN_CONSTANT_CONVERSION = YES;
				CLANG_WARN_DEPRECATED_OBJC_IMPLEMENTATIONS = YES;
				CLANG_WARN_DIRECT_OBJC_ISA_USAGE = YES_ERROR;
				CLANG_WARN_DOCUMENTATION_COMMENTS = YES;
				CLANG_WARN_EMPTY_BODY = YES;
				CLANG_WARN_ENUM_CONVERSION = YES;
				CLANG_WARN_INFINITE_RECURSION = YES;
				CLANG_WARN_INT_CONVERSION = YES;
				CLANG_WARN_NON_LITERAL_NULL_CONVERSION = YES;
				CLANG_WARN_OBJC_IMPLICIT_RETAIN_SELF = YES;
				CLANG_WARN_OBJC_LITERAL_CONVERSION = YES;
				CLANG_WARN_OBJC_ROOT_CLASS = YES_ERROR;
				CLANG_WARN_RANGE_LOOP_ANALYSIS = YES;
				CLANG_WARN_STRICT_PROTOTYPES = YES;
				CLANG_WARN_SUSPICIOUS_MOVE = YES;
				CLANG_WARN_UNGUARDED_AVAILABILITY = YES_AGGRESSIVE;
				CLANG_WARN_UNREACHABLE_CODE = YES;
				CLANG_WARN__DUPLICATE_METHOD_MATCH = YES;
				CODE_SIGN_IDENTITY = "iPhone Developer";
				COPY_PHASE_STRIP = NO;
				DEBUG_INFORMATION_FORMAT = dwarf;
				ENABLE_STRICT_OBJC_MSGSEND = YES;
				ENABLE_TESTABILITY = YES;
				GCC_C_LANGUAGE_STANDARD = gnu11;
				GCC_DYNAMIC_NO_PIC = NO;
				GCC_NO_COMMON_BLOCKS = YES;
				GCC_OPTIMIZATION_LEVEL = 0;
				GCC_PREPROCESSOR_DEFINITIONS = (
					"DEBUG=1",
					"$(inherited)",
				);
				GCC_WARN_64_TO_32_BIT_CONVERSION = YES;
				GCC_WARN_ABOUT_RETURN_TYPE = YES_ERROR;
				GCC_WARN_UNDECLARED_SELECTOR = YES;
				GCC_WARN_UNINITIALIZED_AUTOS = YES_AGGRESSIVE;
				GCC_WARN_UNUSED_FUNCTION = YES;
				GCC_WARN_UNUSED_VARIABLE = YES;
				IPHONEOS_DEPLOYMENT_TARGET = 12.1;
				MTL_ENABLE_DEBUG_INFO = INCLUDE_SOURCE;
				MTL_FAST_MATH = YES;
				ONLY_ACTIVE_ARCH = YES;
				SDKROOT = iphoneos;
				SWIFT_ACTIVE_COMPILATION_CONDITIONS = DEBUG;
				SWIFT_OPTIMIZATION_LEVEL = "-Onone";
			};
			name = Debug;
		};
		16332B692264F8E900805D51 /* Release */ = {
			isa = XCBuildConfiguration;
			buildSettings = {
				ALWAYS_SEARCH_USER_PATHS = NO;
				CLANG_ANALYZER_NONNULL = YES;
				CLANG_ANALYZER_NUMBER_OBJECT_CONVERSION = YES_AGGRESSIVE;
				CLANG_CXX_LANGUAGE_STANDARD = "gnu++14";
				CLANG_CXX_LIBRARY = "libc++";
				CLANG_ENABLE_MODULES = YES;
				CLANG_ENABLE_OBJC_ARC = YES;
				CLANG_ENABLE_OBJC_WEAK = YES;
				CLANG_WARN_BLOCK_CAPTURE_AUTORELEASING = YES;
				CLANG_WARN_BOOL_CONVERSION = YES;
				CLANG_WARN_COMMA = YES;
				CLANG_WARN_CONSTANT_CONVERSION = YES;
				CLANG_WARN_DEPRECATED_OBJC_IMPLEMENTATIONS = YES;
				CLANG_WARN_DIRECT_OBJC_ISA_USAGE = YES_ERROR;
				CLANG_WARN_DOCUMENTATION_COMMENTS = YES;
				CLANG_WARN_EMPTY_BODY = YES;
				CLANG_WARN_ENUM_CONVERSION = YES;
				CLANG_WARN_INFINITE_RECURSION = YES;
				CLANG_WARN_INT_CONVERSION = YES;
				CLANG_WARN_NON_LITERAL_NULL_CONVERSION = YES;
				CLANG_WARN_OBJC_IMPLICIT_RETAIN_SELF = YES;
				CLANG_WARN_OBJC_LITERAL_CONVERSION = YES;
				CLANG_WARN_OBJC_ROOT_CLASS = YES_ERROR;
				CLANG_WARN_RANGE_LOOP_ANALYSIS = YES;
				CLANG_WARN_STRICT_PROTOTYPES = YES;
				CLANG_WARN_SUSPICIOUS_MOVE = YES;
				CLANG_WARN_UNGUARDED_AVAILABILITY = YES_AGGRESSIVE;
				CLANG_WARN_UNREACHABLE_CODE = YES;
				CLANG_WARN__DUPLICATE_METHOD_MATCH = YES;
				CODE_SIGN_IDENTITY = "iPhone Developer";
				COPY_PHASE_STRIP = NO;
				DEBUG_INFORMATION_FORMAT = "dwarf-with-dsym";
				ENABLE_NS_ASSERTIONS = NO;
				ENABLE_STRICT_OBJC_MSGSEND = YES;
				GCC_C_LANGUAGE_STANDARD = gnu11;
				GCC_NO_COMMON_BLOCKS = YES;
				GCC_WARN_64_TO_32_BIT_CONVERSION = YES;
				GCC_WARN_ABOUT_RETURN_TYPE = YES_ERROR;
				GCC_WARN_UNDECLARED_SELECTOR = YES;
				GCC_WARN_UNINITIALIZED_AUTOS = YES_AGGRESSIVE;
				GCC_WARN_UNUSED_FUNCTION = YES;
				GCC_WARN_UNUSED_VARIABLE = YES;
				IPHONEOS_DEPLOYMENT_TARGET = 12.1;
				MTL_ENABLE_DEBUG_INFO = NO;
				MTL_FAST_MATH = YES;
				SDKROOT = iphoneos;
				SWIFT_COMPILATION_MODE = wholemodule;
				SWIFT_OPTIMIZATION_LEVEL = "-O";
				VALIDATE_PRODUCT = YES;
			};
			name = Release;
		};
		16332B6B2264F8E900805D51 /* Debug */ = {
			isa = XCBuildConfiguration;
			buildSettings = {
				ASSETCATALOG_COMPILER_APPICON_NAME = AppIcon;
				CODE_SIGN_STYLE = Automatic;
				INFOPLIST_FILE = PantryApp2/Info.plist;
				LD_RUNPATH_SEARCH_PATHS = (
					"$(inherited)",
					"@executable_path/Frameworks",
				);
				PRODUCT_BUNDLE_IDENTIFIER = courtneycastillo.PantryApp2;
				PRODUCT_NAME = "$(TARGET_NAME)";
				SWIFT_VERSION = 4.2;
				TARGETED_DEVICE_FAMILY = "1,2";
			};
			name = Debug;
		};
		16332B6C2264F8E900805D51 /* Release */ = {
			isa = XCBuildConfiguration;
			buildSettings = {
				ASSETCATALOG_COMPILER_APPICON_NAME = AppIcon;
				CODE_SIGN_STYLE = Automatic;
				INFOPLIST_FILE = PantryApp2/Info.plist;
				LD_RUNPATH_SEARCH_PATHS = (
					"$(inherited)",
					"@executable_path/Frameworks",
				);
				PRODUCT_BUNDLE_IDENTIFIER = courtneycastillo.PantryApp2;
				PRODUCT_NAME = "$(TARGET_NAME)";
				SWIFT_VERSION = 4.2;
				TARGETED_DEVICE_FAMILY = "1,2";
			};
			name = Release;
		};
		16332B6E2264F8E900805D51 /* Debug */ = {
			isa = XCBuildConfiguration;
			buildSettings = {
				ALWAYS_EMBED_SWIFT_STANDARD_LIBRARIES = YES;
				BUNDLE_LOADER = "$(TEST_HOST)";
				CODE_SIGN_STYLE = Automatic;
				INFOPLIST_FILE = PantryApp2Tests/Info.plist;
				LD_RUNPATH_SEARCH_PATHS = (
					"$(inherited)",
					"@executable_path/Frameworks",
					"@loader_path/Frameworks",
				);
				PRODUCT_BUNDLE_IDENTIFIER = courtneycastillo.PantryApp2Tests;
				PRODUCT_NAME = "$(TARGET_NAME)";
				SWIFT_VERSION = 4.2;
				TARGETED_DEVICE_FAMILY = "1,2";
				TEST_HOST = "$(BUILT_PRODUCTS_DIR)/PantryApp2.app/PantryApp2";
			};
			name = Debug;
		};
		16332B6F2264F8E900805D51 /* Release */ = {
			isa = XCBuildConfiguration;
			buildSettings = {
				ALWAYS_EMBED_SWIFT_STANDARD_LIBRARIES = YES;
				BUNDLE_LOADER = "$(TEST_HOST)";
				CODE_SIGN_STYLE = Automatic;
				INFOPLIST_FILE = PantryApp2Tests/Info.plist;
				LD_RUNPATH_SEARCH_PATHS = (
					"$(inherited)",
					"@executable_path/Frameworks",
					"@loader_path/Frameworks",
				);
				PRODUCT_BUNDLE_IDENTIFIER = courtneycastillo.PantryApp2Tests;
				PRODUCT_NAME = "$(TARGET_NAME)";
				SWIFT_VERSION = 4.2;
				TARGETED_DEVICE_FAMILY = "1,2";
				TEST_HOST = "$(BUILT_PRODUCTS_DIR)/PantryApp2.app/PantryApp2";
			};
			name = Release;
		};
		16332B712264F8E900805D51 /* Debug */ = {
			isa = XCBuildConfiguration;
			buildSettings = {
				ALWAYS_EMBED_SWIFT_STANDARD_LIBRARIES = YES;
				CODE_SIGN_STYLE = Automatic;
				INFOPLIST_FILE = PantryApp2UITests/Info.plist;
				LD_RUNPATH_SEARCH_PATHS = (
					"$(inherited)",
					"@executable_path/Frameworks",
					"@loader_path/Frameworks",
				);
				PRODUCT_BUNDLE_IDENTIFIER = courtneycastillo.PantryApp2UITests;
				PRODUCT_NAME = "$(TARGET_NAME)";
				SWIFT_VERSION = 4.2;
				TARGETED_DEVICE_FAMILY = "1,2";
				TEST_TARGET_NAME = PantryApp2;
			};
			name = Debug;
		};
		16332B722264F8E900805D51 /* Release */ = {
			isa = XCBuildConfiguration;
			buildSettings = {
				ALWAYS_EMBED_SWIFT_STANDARD_LIBRARIES = YES;
				CODE_SIGN_STYLE = Automatic;
				INFOPLIST_FILE = PantryApp2UITests/Info.plist;
				LD_RUNPATH_SEARCH_PATHS = (
					"$(inherited)",
					"@executable_path/Frameworks",
					"@loader_path/Frameworks",
				);
				PRODUCT_BUNDLE_IDENTIFIER = courtneycastillo.PantryApp2UITests;
				PRODUCT_NAME = "$(TARGET_NAME)";
				SWIFT_VERSION = 4.2;
				TARGETED_DEVICE_FAMILY = "1,2";
				TEST_TARGET_NAME = PantryApp2;
			};
			name = Release;
		};
/* End XCBuildConfiguration section */

/* Begin XCConfigurationList section */
		16332B3D2264F8E600805D51 /* Build configuration list for PBXProject "PantryApp2" */ = {
			isa = XCConfigurationList;
			buildConfigurations = (
				16332B682264F8E900805D51 /* Debug */,
				16332B692264F8E900805D51 /* Release */,
			);
			defaultConfigurationIsVisible = 0;
			defaultConfigurationName = Release;
		};
		16332B6A2264F8E900805D51 /* Build configuration list for PBXNativeTarget "PantryApp2" */ = {
			isa = XCConfigurationList;
			buildConfigurations = (
				16332B6B2264F8E900805D51 /* Debug */,
				16332B6C2264F8E900805D51 /* Release */,
			);
			defaultConfigurationIsVisible = 0;
			defaultConfigurationName = Release;
		};
		16332B6D2264F8E900805D51 /* Build configuration list for PBXNativeTarget "PantryApp2Tests" */ = {
			isa = XCConfigurationList;
			buildConfigurations = (
				16332B6E2264F8E900805D51 /* Debug */,
				16332B6F2264F8E900805D51 /* Release */,
			);
			defaultConfigurationIsVisible = 0;
			defaultConfigurationName = Release;
		};
		16332B702264F8E900805D51 /* Build configuration list for PBXNativeTarget "PantryApp2UITests" */ = {
			isa = XCConfigurationList;
			buildConfigurations = (
				16332B712264F8E900805D51 /* Debug */,
				16332B722264F8E900805D51 /* Release */,
			);
			defaultConfigurationIsVisible = 0;
			defaultConfigurationName = Release;
		};
/* End XCConfigurationList section */
	};
	rootObject = 16332B3A2264F8E600805D51 /* Project object */;
}
